
Microsoft Visual Studio Solution File, Format Version 12.00
# Visual Studio Version 17
VisualStudioVersion = 17.6.33723.286
MinimumVisualStudioVersion = 10.0.40219.1
Project("{FAE04EC0-301F-11D3-BF4B-00C04F79EFBC}") = "Login_MCC", "Login_MCC\Login_MCC.csproj", "{F7716BB0-C4F8-449A-AEE3-3BE85CE1D0EB}"
EndProject
Global
	GlobalSection(SolutionConfigurationPlatforms) = preSolution
		Debug|Any CPU = Debug|Any CPU
		Release|Any CPU = Release|Any CPU
	EndGlobalSection
	GlobalSection(ProjectConfigurationPlatforms) = postSolution
		{F7716BB0-C4F8-449A-AEE3-3BE85CE1D0EB}.Debug|Any CPU.ActiveCfg = Debug|Any CPU
		{F7716BB0-C4F8-449A-AEE3-3BE85CE1D0EB}.Debug|Any CPU.Build.0 = Debug|Any CPU
		{F7716BB0-C4F8-449A-AEE3-3BE85CE1D0EB}.Release|Any CPU.ActiveCfg = Release|Any CPU
		{F7716BB0-C4F8-449A-AEE3-3BE85CE1D0EB}.Release|Any CPU.Build.0 = Release|Any CPU
	EndGlobalSection
	GlobalSection(SolutionProperties) = preSolution
		HideSolutionNode = FALSE
	EndGlobalSection
	GlobalSection(ExtensibilityGlobals) = postSolution
		SolutionGuid = {5E8C5302-090B-45FD-B271-1C581C1244CF}
	EndGlobalSection
EndGlobal
